
Microsoft Visual Studio Solution File, Format Version 10.00
# Visual Studio 2008
Project("{8BC9CEB8-8B4A-11D0-8D11-00A0C91BC942}") = "tscalc_unittest", "tscalc_unittest_vs2008.vcproj", "{0DD194D7-CE07-44DE-882E-7DA67EB1278F}"
EndProject
Project("{8BC9CEB8-8B4A-11D0-8D11-00A0C91BC942}") = "tscalc", "..\..\..\Users\Alexander\Documents\My Dropbox\algo\gs\tscalc_vs2008.vcproj", "{0DD194D7-CE07-44DE-882E-7DA67EB1279F}"
EndProject
Global
	GlobalSection(SolutionConfigurationPlatforms) = preSolution
		Debug|Win32 = Debug|Win32
		Release|Win32 = Release|Win32
	EndGlobalSection
	GlobalSection(ProjectConfigurationPlatforms) = postSolution
		{0DD194D7-CE07-44DE-882E-7DA67EB1278F}.Debug|Win32.ActiveCfg = Debug|Win32
		{0DD194D7-CE07-44DE-882E-7DA67EB1278F}.Debug|Win32.Build.0 = Debug|Win32
		{0DD194D7-CE07-44DE-882E-7DA67EB1278F}.Release|Win32.ActiveCfg = Release|Win32
		{0DD194D7-CE07-44DE-882E-7DA67EB1278F}.Release|Win32.Build.0 = Release|Win32
		{0DD194D7-CE07-44DE-882E-7DA67EB1279F}.Debug|Win32.ActiveCfg = Debug|Win32
		{0DD194D7-CE07-44DE-882E-7DA67EB1279F}.Debug|Win32.Build.0 = Debug|Win32
		{0DD194D7-CE07-44DE-882E-7DA67EB1279F}.Release|Win32.ActiveCfg = Release|Win32
		{0DD194D7-CE07-44DE-882E-7DA67EB1279F}.Release|Win32.Build.0 = Release|Win32
	EndGlobalSection
	GlobalSection(SolutionProperties) = preSolution
		HideSolutionNode = FALSE
	EndGlobalSection
EndGlobal
